
Microsoft Visual Studio Solution File, Format Version 12.00
# Visual Studio 2013
VisualStudioVersion = 12.0.31101.0
MinimumVisualStudioVersion = 10.0.40219.1
Project("{FAE04EC0-301F-11D3-BF4B-00C04F79EFBC}") = "SharpOffice.Core", "SharpOffice.Core\SharpOffice.Core.csproj", "{42E8084D-FEEC-42BC-AA00-94A4397B3EB6}"
EndProject
Project("{FAE04EC0-301F-11D3-BF4B-00C04F79EFBC}") = "SharpOffice.Common.Tests", "SharpOffice.Common.Tests\SharpOffice.Common.Tests.csproj", "{AC276A46-1328-4097-8396-AB2A3AEBFCF8}"
EndProject
Project("{FAE04EC0-301F-11D3-BF4B-00C04F79EFBC}") = "SharpOffice.SharpNote", "SharpOffice.SharpNote\SharpOffice.SharpNote.csproj", "{22327626-C5C6-40DE-A205-E6353431BD10}"
EndProject
Project("{FAE04EC0-301F-11D3-BF4B-00C04F79EFBC}") = "SharpOffice.Runtime.WPF", "SharpOffice.Runtime.WPF\SharpOffice.Runtime.WPF.csproj", "{272096D9-219B-4E6E-A6A5-17D323E46115}"
EndProject
Global
	GlobalSection(SolutionConfigurationPlatforms) = preSolution
		Debug|Any CPU = Debug|Any CPU
		Release|Any CPU = Release|Any CPU
	EndGlobalSection
	GlobalSection(ProjectConfigurationPlatforms) = postSolution
		{42E8084D-FEEC-42BC-AA00-94A4397B3EB6}.Debug|Any CPU.ActiveCfg = Debug|Any CPU
		{42E8084D-FEEC-42BC-AA00-94A4397B3EB6}.Debug|Any CPU.Build.0 = Debug|Any CPU
		{42E8084D-FEEC-42BC-AA00-94A4397B3EB6}.Release|Any CPU.ActiveCfg = Release|Any CPU
		{42E8084D-FEEC-42BC-AA00-94A4397B3EB6}.Release|Any CPU.Build.0 = Release|Any CPU
		{AC276A46-1328-4097-8396-AB2A3AEBFCF8}.Debug|Any CPU.ActiveCfg = Debug|Any CPU
		{AC276A46-1328-4097-8396-AB2A3AEBFCF8}.Debug|Any CPU.Build.0 = Debug|Any CPU
		{AC276A46-1328-4097-8396-AB2A3AEBFCF8}.Release|Any CPU.ActiveCfg = Release|Any CPU
		{AC276A46-1328-4097-8396-AB2A3AEBFCF8}.Release|Any CPU.Build.0 = Release|Any CPU
		{22327626-C5C6-40DE-A205-E6353431BD10}.Debug|Any CPU.ActiveCfg = Debug|Any CPU
		{22327626-C5C6-40DE-A205-E6353431BD10}.Debug|Any CPU.Build.0 = Debug|Any CPU
		{22327626-C5C6-40DE-A205-E6353431BD10}.Release|Any CPU.ActiveCfg = Release|Any CPU
		{22327626-C5C6-40DE-A205-E6353431BD10}.Release|Any CPU.Build.0 = Release|Any CPU
		{272096D9-219B-4E6E-A6A5-17D323E46115}.Debug|Any CPU.ActiveCfg = Debug|Any CPU
		{272096D9-219B-4E6E-A6A5-17D323E46115}.Debug|Any CPU.Build.0 = Debug|Any CPU
		{272096D9-219B-4E6E-A6A5-17D323E46115}.Release|Any CPU.ActiveCfg = Release|Any CPU
		{272096D9-219B-4E6E-A6A5-17D323E46115}.Release|Any CPU.Build.0 = Release|Any CPU
	EndGlobalSection
	GlobalSection(SolutionProperties) = preSolution
		HideSolutionNode = FALSE
	EndGlobalSection
EndGlobal
